
Microsoft Visual Studio Solution File, Format Version 12.00
# Visual Studio 15
VisualStudioVersion = 15.0.27004.2010
MinimumVisualStudioVersion = 10.0.40219.1
Project("{FAE04EC0-301F-11D3-BF4B-00C04F79EFBC}") = "AdventOfCode", "AdventOfCode\AdventOfCode.csproj", "{6530C34E-BC12-4ED8-8971-A82FEDA772AA}"
EndProject
Global
	GlobalSection(SolutionConfigurationPlatforms) = preSolution
		Debug|Any CPU = Debug|Any CPU
		Release|Any CPU = Release|Any CPU
	EndGlobalSection
	GlobalSection(ProjectConfigurationPlatforms) = postSolution
		{6530C34E-BC12-4ED8-8971-A82FEDA772AA}.Debug|Any CPU.ActiveCfg = Debug|Any CPU
		{6530C34E-BC12-4ED8-8971-A82FEDA772AA}.Debug|Any CPU.Build.0 = Debug|Any CPU
		{6530C34E-BC12-4ED8-8971-A82FEDA772AA}.Release|Any CPU.ActiveCfg = Release|Any CPU
		{6530C34E-BC12-4ED8-8971-A82FEDA772AA}.Release|Any CPU.Build.0 = Release|Any CPU
	EndGlobalSection
	GlobalSection(SolutionProperties) = preSolution
		HideSolutionNode = FALSE
	EndGlobalSection
	GlobalSection(ExtensibilityGlobals) = postSolution
		SolutionGuid = {8850B69B-216A-4B52-A2DA-B92C9EAD8C26}
	EndGlobalSection
EndGlobal
