
Microsoft Visual Studio Solution File, Format Version 12.00
# Visual Studio Version 16
VisualStudioVersion = 16.0.28917.182
MinimumVisualStudioVersion = 10.0.40219.1
Project("{9A19103F-16F7-4668-BE54-9A1E7A4F7556}") = "AdventOfCode", "AdventOfCode.csproj", "{D2C7542D-9892-4244-822D-6906FF99D72A}"
EndProject
Global
	GlobalSection(SolutionConfigurationPlatforms) = preSolution
		Debug|x64 = Debug|x64
		Release|x64 = Release|x64
	EndGlobalSection
	GlobalSection(ProjectConfigurationPlatforms) = postSolution
		{D2C7542D-9892-4244-822D-6906FF99D72A}.Debug|x64.ActiveCfg = Debug|x64
		{D2C7542D-9892-4244-822D-6906FF99D72A}.Debug|x64.Build.0 = Debug|x64
		{D2C7542D-9892-4244-822D-6906FF99D72A}.Release|x64.ActiveCfg = Release|x64
		{D2C7542D-9892-4244-822D-6906FF99D72A}.Release|x64.Build.0 = Release|x64
	EndGlobalSection
	GlobalSection(SolutionProperties) = preSolution
		HideSolutionNode = FALSE
	EndGlobalSection
	GlobalSection(ExtensibilityGlobals) = postSolution
		SolutionGuid = {DC9C3FA4-9495-4586-B223-709C76F56559}
	EndGlobalSection
EndGlobal
